# This file is automatically @generated by Cargo.
# It is not intended for manual editing.
version = 4

[[package]]
name = "esm-cli"
version = "0.1.0"
dependencies = [
 "esm-core",
 "esm-runner",
]

[[package]]
name = "esm-core"
version = "0.1.0"

[[package]]
name = "esm-runner"
version = "0.1.0"
dependencies = [
 "esm-core",
]

[[package]]
name = "esm-tools"
version = "0.1.0"
dependencies = [
 "esm-core",
]
